
Microsoft Visual Studio Solution File, Format Version 11.00
# Visual C# Express 2010
Project("{FAE04EC0-301F-11D3-BF4B-00C04F79EFBC}") = "Syntan", "Syntan\Syntan.csproj", "{36BFEB75-D83E-4DD7-9C16-61F2C8C61203}"
EndProject
Project("{FAE04EC0-301F-11D3-BF4B-00C04F79EFBC}") = "Syntan.UnitTests", "Syntan.UnitTests\Syntan.UnitTests.csproj", "{2651FC64-A0EF-41AB-9831-6A2923622134}"
EndProject
Project("{FAE04EC0-301F-11D3-BF4B-00C04F79EFBC}") = "Syntan.Demo", "Syntan.Demo\Syntan.Demo.csproj", "{F743C822-2814-4249-A898-ECE042D7C987}"
EndProject
Global
	GlobalSection(SolutionConfigurationPlatforms) = preSolution
		Debug|Any CPU = Debug|Any CPU
		Debug|Mixed Platforms = Debug|Mixed Platforms
		Debug|x86 = Debug|x86
		Release|Any CPU = Release|Any CPU
		Release|Mixed Platforms = Release|Mixed Platforms
		Release|x86 = Release|x86
	EndGlobalSection
	GlobalSection(ProjectConfigurationPlatforms) = postSolution
		{36BFEB75-D83E-4DD7-9C16-61F2C8C61203}.Debug|Any CPU.ActiveCfg = Debug|Any CPU
		{36BFEB75-D83E-4DD7-9C16-61F2C8C61203}.Debug|Any CPU.Build.0 = Debug|Any CPU
		{36BFEB75-D83E-4DD7-9C16-61F2C8C61203}.Debug|Mixed Platforms.ActiveCfg = Debug|Any CPU
		{36BFEB75-D83E-4DD7-9C16-61F2C8C61203}.Debug|Mixed Platforms.Build.0 = Debug|Any CPU
		{36BFEB75-D83E-4DD7-9C16-61F2C8C61203}.Debug|x86.ActiveCfg = Debug|Any CPU
		{36BFEB75-D83E-4DD7-9C16-61F2C8C61203}.Release|Any CPU.ActiveCfg = Release|Any CPU
		{36BFEB75-D83E-4DD7-9C16-61F2C8C61203}.Release|Any CPU.Build.0 = Release|Any CPU
		{36BFEB75-D83E-4DD7-9C16-61F2C8C61203}.Release|Mixed Platforms.ActiveCfg = Release|Any CPU
		{36BFEB75-D83E-4DD7-9C16-61F2C8C61203}.Release|Mixed Platforms.Build.0 = Release|Any CPU
		{36BFEB75-D83E-4DD7-9C16-61F2C8C61203}.Release|x86.ActiveCfg = Release|Any CPU
		{2651FC64-A0EF-41AB-9831-6A2923622134}.Debug|Any CPU.ActiveCfg = Debug|Any CPU
		{2651FC64-A0EF-41AB-9831-6A2923622134}.Debug|Any CPU.Build.0 = Debug|Any CPU
		{2651FC64-A0EF-41AB-9831-6A2923622134}.Debug|Mixed Platforms.ActiveCfg = Debug|Any CPU
		{2651FC64-A0EF-41AB-9831-6A2923622134}.Debug|Mixed Platforms.Build.0 = Debug|Any CPU
		{2651FC64-A0EF-41AB-9831-6A2923622134}.Debug|x86.ActiveCfg = Debug|Any CPU
		{2651FC64-A0EF-41AB-9831-6A2923622134}.Release|Any CPU.ActiveCfg = Release|Any CPU
		{2651FC64-A0EF-41AB-9831-6A2923622134}.Release|Any CPU.Build.0 = Release|Any CPU
		{2651FC64-A0EF-41AB-9831-6A2923622134}.Release|Mixed Platforms.ActiveCfg = Release|Any CPU
		{2651FC64-A0EF-41AB-9831-6A2923622134}.Release|Mixed Platforms.Build.0 = Release|Any CPU
		{2651FC64-A0EF-41AB-9831-6A2923622134}.Release|x86.ActiveCfg = Release|Any CPU
		{F743C822-2814-4249-A898-ECE042D7C987}.Debug|Any CPU.ActiveCfg = Debug|x86
		{F743C822-2814-4249-A898-ECE042D7C987}.Debug|Mixed Platforms.ActiveCfg = Debug|x86
		{F743C822-2814-4249-A898-ECE042D7C987}.Debug|Mixed Platforms.Build.0 = Debug|x86
		{F743C822-2814-4249-A898-ECE042D7C987}.Debug|x86.ActiveCfg = Debug|x86
		{F743C822-2814-4249-A898-ECE042D7C987}.Debug|x86.Build.0 = Debug|x86
		{F743C822-2814-4249-A898-ECE042D7C987}.Release|Any CPU.ActiveCfg = Release|x86
		{F743C822-2814-4249-A898-ECE042D7C987}.Release|Mixed Platforms.ActiveCfg = Release|x86
		{F743C822-2814-4249-A898-ECE042D7C987}.Release|Mixed Platforms.Build.0 = Release|x86
		{F743C822-2814-4249-A898-ECE042D7C987}.Release|x86.ActiveCfg = Release|x86
		{F743C822-2814-4249-A898-ECE042D7C987}.Release|x86.Build.0 = Release|x86
	EndGlobalSection
	GlobalSection(SolutionProperties) = preSolution
		HideSolutionNode = FALSE
	EndGlobalSection
EndGlobal
